dependencies:
- name: azure
  repository: file://charts/azure
  version: 1.0.0
- name: scaleway
  repository: file://charts/scaleway
  version: 1.0.0
- name: keycloak
  repository: file://charts/keycloak
  version: 1.0.0
digest: sha256:c803df7bdd0c0639c4c57a877218e5651f18e49817eff77448b4ad7b645f437e
generated: "2026-10-09T20:57:48.016706+05:30"
