dependencies:
- name: netbird
  repository: https://netbirdio.github.io/helms
  version: 1.9.0
- name: coturn
  repository: https://small-hack.github.io/coturn-chart/
  version: 9.4.0
digest: sha256:4c65cff20a65f4263d6d46ffcedb59f48ba9d8c0749059c4119669eb5b789d60
generated: "2026-02-11T05:55:09.865438048Z"
