dependencies:
- name: kubeaid-addons
  repository: file://../kubeaid-addons
  version: 0.1.0
- name: appsuite
  repository: oci://registry.open-xchange.com/appsuite/charts
  version: 8.48.481
digest: sha256:59e86235c22c65ec7bbbc7f3f3c4ee623bc1dc0f3287b7c83e71962f88793df3
generated: "2026-07-07T19:48:53.210824729+05:30"
