dependencies:
- name: peertube
  repository: https://ananace.gitlab.io/charts
  version: 1.7.4
- name: kubeaid-addons
  repository: file://../kubeaid-addons
  version: 0.1.0
digest: sha256:d3ba86dcc13259b0213bedf08274e9ecc436c7074cf4e895a17461a495d52560
generated: "2026-05-25T13:05:30.455091308+05:30"
