dependencies:
- name: peertube
  repository: https://ananace.gitlab.io/charts
  version: 1.8.1
- name: kubeaid-addons
  repository: file://../kubeaid-addons
  version: 0.1.0
digest: sha256:d67a0edc0372ac63d133a806a661b6d683e158013d89f0ce921917b7eb135c48
generated: "2026-08-10T14:58:41.351056872+05:30"
