dependencies:
- name: ox-common
  repository: file:///tmp/d20260513-55-y37qst/ox-common
  version: 1.0.50
- name: core-mw
  repository: file:///tmp/d20260513-55-y37qst/core-mw
  version: 6.19.7
- name: core-cacheservice
  repository: file:///tmp/d20260513-55-y37qst/core-cacheservice
  version: 1.46.1
- name: core-documentconverter
  repository: file:///tmp/d20260513-55-y37qst/core-documentconverter
  version: 2.46.1
- name: core-documents-collaboration
  repository: file:///tmp/d20260513-55-y37qst/core-documents-collaboration
  version: 2.46.0
- name: core-imageconverter
  repository: file:///tmp/d20260513-55-y37qst/core-imageconverter
  version: 2.47.1
- name: core-spellcheck
  repository: file:///tmp/d20260513-55-y37qst/core-spellcheck
  version: 2.46.0
- name: core-ui
  repository: file:///tmp/d20260513-55-y37qst/core-ui
  version: 3.4.5
- name: core-ui-middleware
  repository: file:///tmp/d20260513-55-y37qst/core-ui-middleware
  version: 3.4.4
- name: core-guidedtours
  repository: file:///tmp/d20260513-55-y37qst/core-guidedtours
  version: 2.8.3
- name: core-user-guide
  repository: file:///tmp/d20260513-55-y37qst/core-user-guide
  version: 2.48.0
- name: office-web
  repository: file:///tmp/d20260513-55-y37qst/office-web
  version: 2.50.0
- name: office-user-guide
  repository: file:///tmp/d20260513-55-y37qst/office-user-guide
  version: 2.49.0
- name: guard-ui
  repository: file:///tmp/d20260513-55-y37qst/guard-ui
  version: 2.48.0
- name: core-drive-help
  repository: file:///tmp/d20260513-55-y37qst/core-drive-help
  version: 8.13.2
- name: appsuite-toolkit
  repository: file:///tmp/d20260513-55-y37qst/appsuite-toolkit
  version: 1.16.3
- name: switchboard
  repository: file:///tmp/d20260513-55-y37qst/switchboard
  version: 5.7.5
digest: sha256:d596edc3372222f5ecdb9c13985359f4a51c794b81899c0ee2436cddc14ca01c
generated: "2026-05-13T05:44:22.201445093Z"
