dependencies:
- name: rook-ceph
  repository: https://charts.rook.io/release
  version: v1.20.6
- name: rook-ceph-cluster
  repository: https://charts.rook.io/release
  version: v1.20.6
- name: ceph-csi-drivers
  repository: https://ceph.github.io/ceph-csi-operator
  version: 1.0.4
digest: sha256:2248f89421c2d18dc6e0682b723e95ec6f481413e9d681cf44215f32785e5078
generated: "2026-08-24T07:17:50.891984068Z"
