dependencies:
- name: community-operator
  repository: https://mongodb.github.io/helm-charts
  version: 0.13.0
- name: opensearch
  repository: https://opensearch-project.github.io/helm-charts
  version: 2.38.0
digest: sha256:4929df39ab75394c78aebdded77df01ffed7791c15e47fa7037ac0deb934d5f6
generated: "2026-09-09T14:47:15.719161634Z"
