dependencies:
- name: lemmy
  repository: https://ananace.gitlab.io/charts
  version: 0.6.14
- name: kubeaid-addons
  repository: file://../kubeaid-addons
  version: 0.1.0
digest: sha256:443efe57d2349d1fdda1fce1dc3a49dd405bcf8f26721dddb985d6089fa90eb0
generated: "2026-06-15T19:51:32.436671037+05:30"
