dependencies:
- name: step-issuer
  repository: https://smallstep.github.io/helm-charts
  version: 1.9.11
- name: step-certificates
  repository: https://smallstep.github.io/helm-charts
  version: 1.29.0
- name: autocert
  repository: https://smallstep.github.io/helm-charts
  version: 1.20.5
- name: trust-manager
  repository: https://charts.jetstack.io
  version: v0.20.3
digest: sha256:a04c80ea4dd7fac7cd15dd2d139a13082699b500c31470efafe59d6d6a85bb05
generated: "2026-01-08T02:49:22.595145798+05:30"
