dependencies:
- name: step-issuer
  repository: https://smallstep.github.io/helm-charts
  version: 1.11.0
- name: step-certificates
  repository: https://smallstep.github.io/helm-charts
  version: 1.30.1
- name: autocert
  repository: https://smallstep.github.io/helm-charts
  version: 1.20.7
- name: trust-manager
  repository: https://charts.jetstack.io
  version: v0.25.0
digest: sha256:cd08684562ce068e02ba8155c5eb3deac7f5be2496061d2c537a676c5e9aac57
generated: "2026-09-14T06:46:39.247674022Z"
