dependencies:
- name: step-issuer
  repository: https://smallstep.github.io/helm-charts
  version: 1.11.0
- name: step-certificates
  repository: https://smallstep.github.io/helm-charts
  version: 1.30.1
- name: autocert
  repository: https://smallstep.github.io/helm-charts
  version: 1.20.7
- name: trust-manager
  repository: https://charts.jetstack.io
  version: v0.24.0
digest: sha256:5a32fdbae3facc903769d162f1f3f27a7ed4fe4d0f7794d3bd44e571d8b4d5e9
generated: "2026-07-05T17:08:40.885472651+05:30"
