dependencies:
- name: cloudnative-pg
  repository: https://cloudnative-pg.github.io/charts
  version: 0.28.2
- name: plugin-barman-cloud
  repository: https://cloudnative-pg.github.io/charts
  version: 0.6.0
digest: sha256:13a28a12bda378c74ea60c326a9f10b243ce79897c3c29fa66a4d99d64b1f2e8
generated: "2026-05-18T16:19:53.46776619+05:30"
