dependencies:
- name: cloudnative-pg
  repository: https://cloudnative-pg.github.io/charts
  version: 0.28.0
- name: plugin-barman-cloud
  repository: https://cloudnative-pg.github.io/charts
  version: 0.6.0
digest: sha256:5450e63a24d2816e272aeb6050040d3a1cf245959d55173effb6d44897fe644b
generated: "2026-04-15T16:33:15.461442645+05:30"
