dependencies:
- name: openobserve
  repository: https://charts.openobserve.ai/
  version: 0.92.2
- name: openobserve-collector
  repository: https://charts.openobserve.ai/
  version: 0.4.6
- name: kubeaid-addons
  repository: file://../kubeaid-addons
  version: 0.1.0
digest: sha256:346c4527df957ece5a7c5f119f88352cf51f2673efe6b1756b4491626f2d488b
generated: "2026-08-18T15:45:26.217476402Z"
