dependencies:
- name: openobserve
  repository: https://charts.openobserve.ai/
  version: 0.91.2
- name: openobserve-collector
  repository: https://charts.openobserve.ai/
  version: 0.4.6
- name: kubeaid-addons
  repository: file://../kubeaid-addons
  version: 0.1.0
digest: sha256:80e7881559453795255aa26e90b7ecc9b579fcdfc54c0af986c4cadbbaac8b78
generated: "2026-07-27T19:57:11.907806394+05:30"
