dependencies:
- name: openobserve
  repository: https://charts.openobserve.ai/
  version: 0.91.1
- name: openobserve-collector
  repository: https://charts.openobserve.ai/
  version: 0.4.4
- name: kubeaid-addons
  repository: file://../kubeaid-addons
  version: 0.1.0
digest: sha256:6a69fe883d3f99f79d2d77f66f9dc04ffff7f0c2087c46a96121f208d6d58027
generated: "2026-07-13T00:16:57.022673276+05:30"
