dependencies:
- name: cluster
  repository: https://cloudnative-pg.github.io/charts
  version: 0.8.1
- name: pxc-db
  repository: https://percona.github.io/percona-helm-charts
  version: 1.20.0
digest: sha256:542062235214581769f6331f86525736d19551e2fc85f2b82ebbd9c6c90daea4
generated: "2026-09-23T07:43:57.688963519Z"
