dependencies:
- name: sonarqube
  repository: https://SonarSource.github.io/helm-chart-sonarqube
  version: 2026.4.0
- name: kubeaid-addons
  repository: file://../kubeaid-addons
  version: 0.1.0
digest: sha256:e3a56cc89304df0fd73d9e23ff9eb8552c63c79a550007a840e02bb27008c488
generated: "2026-07-27T20:05:55.188155444+05:30"
