dependencies:
- name: keycloakx
  repository: https://codecentric.github.io/helm-charts
  version: 7.3.0
- name: kubeaid-addons
  repository: file://../kubeaid-addons
  version: 0.1.0
digest: sha256:bb9c8232c70b138fdecf99c18b9acd575514db468a0349f91e1daa96801cdcc8
generated: "2026-08-31T13:17:56.139105574Z"
