dependencies:
- name: keycloakx
  repository: https://codecentric.github.io/helm-charts
  version: 7.2.3
- name: kubeaid-addons
  repository: file://../kubeaid-addons
  version: 0.1.0
digest: sha256:02dc0469ea1da5c3012d2163121f4f739fe2b6e4073dd60f2ada856fb30177ed
generated: "2026-08-18T15:43:08.060181204Z"
