dependencies:
- name: opentelemetry-operator
  repository: https://open-telemetry.github.io/opentelemetry-helm-charts
  version: 0.113.1
- name: opentelemetry-collector
  repository: https://open-telemetry.github.io/opentelemetry-helm-charts
  version: 0.156.2
digest: sha256:1c814a7178f9893a13f989666e7f39e7d48b4d119b0045ae919667192c016699
generated: "2026-05-25T13:04:38.549325725+05:30"
