dependencies:
- name: opentelemetry-operator
  repository: https://open-telemetry.github.io/opentelemetry-helm-charts
  version: 0.117.0
- name: opentelemetry-collector
  repository: https://open-telemetry.github.io/opentelemetry-helm-charts
  version: 0.159.1
digest: sha256:c92e78061443c4e0b0e3eb5efda60ebd6f16907ea64bff9755ba7404cac166b5
generated: "2026-06-29T02:22:49.154886264+05:30"
